
Microsoft Visual Studio Solution File, Format Version 12.00
# Visual Studio Version 17
VisualStudioVersion = 17.0.32126.317
MinimumVisualStudioVersion = 10.0.40219.1
Project("{FAE04EC0-301F-11D3-BF4B-00C04F79EFBC}") = "FS4500_MainLink_MST", "FS4500_MainLink_MST\FS4500_MainLink_MST.csproj", "{D6D5D111-550E-4586-B955-5650E0B7D7E5}"
EndProject
Global
	GlobalSection(SolutionConfigurationPlatforms) = preSolution
		Debug|Any CPU = Debug|Any CPU
		Release|Any CPU = Release|Any CPU
	EndGlobalSection
	GlobalSection(ProjectConfigurationPlatforms) = postSolution
		{D6D5D111-550E-4586-B955-5650E0B7D7E5}.Debug|Any CPU.ActiveCfg = Debug|Any CPU
		{D6D5D111-550E-4586-B955-5650E0B7D7E5}.Debug|Any CPU.Build.0 = Debug|Any CPU
		{D6D5D111-550E-4586-B955-5650E0B7D7E5}.Release|Any CPU.ActiveCfg = Release|Any CPU
		{D6D5D111-550E-4586-B955-5650E0B7D7E5}.Release|Any CPU.Build.0 = Release|Any CPU
	EndGlobalSection
	GlobalSection(SolutionProperties) = preSolution
		HideSolutionNode = FALSE
	EndGlobalSection
	GlobalSection(ExtensibilityGlobals) = postSolution
		SolutionGuid = {99BF3220-3A8F-42C1-80E1-5B4AAFB8F6CA}
	EndGlobalSection
EndGlobal
